// !$*UTF8*$!
{
	archiveVersion = 1;
	classes = {
	};
	objectVersion = 50;
	objects = {

/* Begin PBXBuildFile section */
		84DA94E7207BAB65003E0D29 /* CombinationAnalysis.swift in Sources */ = {isa = PBXBuildFile; fileRef = 84DA94E6207BAB65003E0D29 /* CombinationAnalysis.swift */; };
		84DA94E9207BB2F8003E0D29 /* DrawsAnalysis.swift in Sources */ = {isa = PBXBuildFile; fileRef = 84DA94E8207BB2F8003E0D29 /* DrawsAnalysis.swift */; };
		F4F54CF220758BF7002C7756 /* AppDelegate.swift in Sources */ = {isa = PBXBuildFile; fileRef = F4F54CF120758BF7002C7756 /* AppDelegate.swift */; };
		F4F54CF420758BF7002C7756 /* ViewController.swift in Sources */ = {isa = PBXBuildFile; fileRef = F4F54CF320758BF7002C7756 /* ViewController.swift */; };
		F4F54CF720758BF7002C7756 /* Main.storyboard in Resources */ = {isa = PBXBuildFile; fileRef = F4F54CF520758BF7002C7756 /* Main.storyboard */; };
		F4F54CF920758BF8002C7756 /* Assets.xcassets in Resources */ = {isa = PBXBuildFile; fileRef = F4F54CF820758BF8002C7756 /* Assets.xcassets */; };
		F4F54CFC20758BF8002C7756 /* LaunchScreen.storyboard in Resources */ = {isa = PBXBuildFile; fileRef = F4F54CFA20758BF8002C7756 /* LaunchScreen.storyboard */; };
		F4F54D0520758CD6002C7756 /* PlayingCard.swift in Sources */ = {isa = PBXBuildFile; fileRef = F4F54D0420758CD6002C7756 /* PlayingCard.swift */; };
		F4F54D0720758D6B002C7756 /* PlayingCardDeck.swift in Sources */ = {isa = PBXBuildFile; fileRef = F4F54D0620758D6B002C7756 /* PlayingCardDeck.swift */; };
		F4F54D092075907A002C7756 /* PlayingCardView.swift in Sources */ = {isa = PBXBuildFile; fileRef = F4F54D082075907A002C7756 /* PlayingCardView.swift */; };
/* End PBXBuildFile section */

/* Begin PBXFileReference section */
		84DA94E6207BAB65003E0D29 /* CombinationAnalysis.swift */ = {isa = PBXFileReference; lastKnownFileType = sourcecode.swift; path = CombinationAnalysis.swift; sourceTree = "<group>"; };
		84DA94E8207BB2F8003E0D29 /* DrawsAnalysis.swift */ = {isa = PBXFileReference; lastKnownFileType = sourcecode.swift; path = DrawsAnalysis.swift; sourceTree = "<group>"; };
		F4F54CEE20758BF7002C7756 /* poker.app */ = {isa = PBXFileReference; explicitFileType = wrapper.application; includeInIndex = 0; path = poker.app; sourceTree = BUILT_PRODUCTS_DIR; };
		F4F54CF120758BF7002C7756 /* AppDelegate.swift */ = {isa = PBXFileReference; lastKnownFileType = sourcecode.swift; path = AppDelegate.swift; sourceTree = "<group>"; };
		F4F54CF320758BF7002C7756 /* ViewController.swift */ = {isa = PBXFileReference; lastKnownFileType = sourcecode.swift; path = ViewController.swift; sourceTree = "<group>"; };
		F4F54CF620758BF7002C7756 /* Base */ = {isa = PBXFileReference; lastKnownFileType = file.storyboard; name = Base; path = Base.lproj/Main.storyboard; sourceTree = "<group>"; };
		F4F54CF820758BF8002C7756 /* Assets.xcassets */ = {isa = PBXFileReference; lastKnownFileType = folder.assetcatalog; path = Assets.xcassets; sourceTree = "<group>"; };
		F4F54CFB20758BF8002C7756 /* Base */ = {isa = PBXFileReference; lastKnownFileType = file.storyboard; name = Base; path = Base.lproj/LaunchScreen.storyboard; sourceTree = "<group>"; };
		F4F54CFD20758BF8002C7756 /* Info.plist */ = {isa = PBXFileReference; lastKnownFileType = text.plist.xml; path = Info.plist; sourceTree = "<group>"; };
		F4F54D0420758CD6002C7756 /* PlayingCard.swift */ = {isa = PBXFileReference; lastKnownFileType = sourcecode.swift; path = PlayingCard.swift; sourceTree = "<group>"; };
		F4F54D0620758D6B002C7756 /* PlayingCardDeck.swift */ = {isa = PBXFileReference; lastKnownFileType = sourcecode.swift; path = PlayingCardDeck.swift; sourceTree = "<group>"; };
		F4F54D082075907A002C7756 /* PlayingCardView.swift */ = {isa = PBXFileReference; lastKnownFileType = sourcecode.swift; path = PlayingCardView.swift; sourceTree = "<group>"; };
/* End PBXFileReference section */

/* Begin PBXFrameworksBuildPhase section */
		F4F54CEB20758BF7002C7756 /* Frameworks */ = {
			isa = PBXFrameworksBuildPhase;
			buildActionMask = 2147483647;
			files = (
			);
			runOnlyForDeploymentPostprocessing = 0;
		};
/* End PBXFrameworksBuildPhase section */

/* Begin PBXGroup section */
		F4F54CE520758BF7002C7756 = {
			isa = PBXGroup;
			children = (
				F4F54CF020758BF7002C7756 /* poker */,
				F4F54CEF20758BF7002C7756 /* Products */,
			);
			sourceTree = "<group>";
		};
		F4F54CEF20758BF7002C7756 /* Products */ = {
			isa = PBXGroup;
			children = (
				F4F54CEE20758BF7002C7756 /* poker.app */,
			);
			name = Products;
			sourceTree = "<group>";
		};
		F4F54CF020758BF7002C7756 /* poker */ = {
			isa = PBXGroup;
			children = (
				84DA94E6207BAB65003E0D29 /* CombinationAnalysis.swift */,
				84DA94E8207BB2F8003E0D29 /* DrawsAnalysis.swift */,
				F4F54CF320758BF7002C7756 /* ViewController.swift */,
				F4F54CF520758BF7002C7756 /* Main.storyboard */,
				F4F54D0420758CD6002C7756 /* PlayingCard.swift */,
				F4F54D0620758D6B002C7756 /* PlayingCardDeck.swift */,
				F4F54D082075907A002C7756 /* PlayingCardView.swift */,
				F4F54D0320758C27002C7756 /* Supporting FIles */,
				F4F54CFD20758BF8002C7756 /* Info.plist */,
			);
			path = poker;
			sourceTree = "<group>";
		};
		F4F54D0320758C27002C7756 /* Supporting FIles */ = {
			isa = PBXGroup;
			children = (
				F4F54CF120758BF7002C7756 /* AppDelegate.swift */,
				F4F54CF820758BF8002C7756 /* Assets.xcassets */,
				F4F54CFA20758BF8002C7756 /* LaunchScreen.storyboard */,
			);
			path = "Supporting FIles";
			sourceTree = "<group>";
		};
/* End PBXGroup section */

/* Begin PBXNativeTarget section */
		F4F54CED20758BF7002C7756 /* poker */ = {
			isa = PBXNativeTarget;
			buildConfigurationList = F4F54D0020758BF8002C7756 /* Build configuration list for PBXNativeTarget "poker" */;
			buildPhases = (
				F4F54CEA20758BF7002C7756 /* Sources */,
				F4F54CEB20758BF7002C7756 /* Frameworks */,
				F4F54CEC20758BF7002C7756 /* Resources */,
			);
			buildRules = (
			);
			dependencies = (
			);
			name = poker;
			productName = poker;
			productReference = F4F54CEE20758BF7002C7756 /* poker.app */;
			productType = "com.apple.product-type.application";
		};
/* End PBXNativeTarget section */

/* Begin PBXProject section */
		F4F54CE620758BF7002C7756 /* Project object */ = {
			isa = PBXProject;
			attributes = {
				LastSwiftUpdateCheck = 0930;
				LastUpgradeCheck = 0930;
				ORGANIZATIONNAME = artur;
				TargetAttributes = {
					F4F54CED20758BF7002C7756 = {
						CreatedOnToolsVersion = 9.3;
					};
				};
			};
			buildConfigurationList = F4F54CE920758BF7002C7756 /* Build configuration list for PBXProject "poker" */;
			compatibilityVersion = "Xcode 9.3";
			developmentRegion = en;
			hasScannedForEncodings = 0;
			knownRegions = (
				en,
				Base,
			);
			mainGroup = F4F54CE520758BF7002C7756;
			productRefGroup = F4F54CEF20758BF7002C7756 /* Products */;
			projectDirPath = "";
			projectRoot = "";
			targets = (
				F4F54CED20758BF7002C7756 /* poker */,
			);
		};
/* End PBXProject section */

/* Begin PBXResourcesBuildPhase section */
		F4F54CEC20758BF7002C7756 /* Resources */ = {
			isa = PBXResourcesBuildPhase;
			buildActionMask = 2147483647;
			files = (
				F4F54CFC20758BF8002C7756 /* LaunchScreen.storyboard in Resources */,
				F4F54CF920758BF8002C7756 /* Assets.xcassets in Resources */,
				F4F54CF720758BF7002C7756 /* Main.storyboard in Resources */,
			);
			runOnlyForDeploymentPostprocessing = 0;
		};
/* End PBXResourcesBuildPhase section */

/* Begin PBXSourcesBuildPhase section */
		F4F54CEA20758BF7002C7756 /* Sources */ = {
			isa = PBXSourcesBuildPhase;
			buildActionMask = 2147483647;
			files = (
				84DA94E9207BB2F8003E0D29 /* DrawsAnalysis.swift in Sources */,
				F4F54CF420758BF7002C7756 /* ViewController.swift in Sources */,
				F4F54D0720758D6B002C7756 /* PlayingCardDeck.swift in Sources */,
				F4F54D0520758CD6002C7756 /* PlayingCard.swift in Sources */,
				84DA94E7207BAB65003E0D29 /* CombinationAnalysis.swift in Sources */,
				F4F54D092075907A002C7756 /* PlayingCardView.swift in Sources */,
				F4F54CF220758BF7002C7756 /* AppDelegate.swift in Sources */,
			);
			runOnlyForDeploymentPostprocessing = 0;
		};
/* End PBXSourcesBuildPhase section */

/* Begin PBXVariantGroup section */
		F4F54CF520758BF7002C7756 /* Main.storyboard */ = {
			isa = PBXVariantGroup;
			children = (
				F4F54CF620758BF7002C7756 /* Base */,
			);
			name = Main.storyboard;
			sourceTree = "<group>";
		};
		F4F54CFA20758BF8002C7756 /* LaunchScreen.storyboard */ = {
			isa = PBXVariantGroup;
			children = (
				F4F54CFB20758BF8002C7756 /* Base */,
			);
			name = LaunchScreen.storyboard;
			sourceTree = "<group>";
		};
/* End PBXVariantGroup section */

/* Begin XCBuildConfiguration section */
		F4F54CFE20758BF8002C7756 /* Debug */ = {
			isa = XCBuildConfiguration;
			buildSettings = {
				ALWAYS_SEARCH_USER_PATHS = NO;
				CLANG_ANALYZER_NONNULL = YES;
				CLANG_ANALYZER_NUMBER_OBJECT_CONVERSION = YES_AGGRESSIVE;
				CLANG_CXX_LANGUAGE_STANDARD = "gnu++14";
				CLANG_CXX_LIBRARY = "libc++";
				CLANG_ENABLE_MODULES = YES;
				CLANG_ENABLE_OBJC_ARC = YES;
				CLANG_ENABLE_OBJC_WEAK = YES;
				CLANG_WARN_BLOCK_CAPTURE_AUTORELEASING = YES;
				CLANG_WARN_BOOL_CONVERSION = YES;
				CLANG_WARN_COMMA = YES;
				CLANG_WARN_CONSTANT_CONVERSION = YES;
				CLANG_WARN_DEPRECATED_OBJC_IMPLEMENTATIONS = YES;
				CLANG_WARN_DIRECT_OBJC_ISA_USAGE = YES_ERROR;
				CLANG_WARN_DOCUMENTATION_COMMENTS = YES;
				CLANG_WARN_EMPTY_BODY = YES;
				CLANG_WARN_ENUM_CONVERSION = YES;
				CLANG_WARN_INFINITE_RECURSION = YES;
				CLANG_WARN_INT_CONVERSION = YES;
				CLANG_WARN_NON_LITERAL_NULL_CONVERSION = YES;
				CLANG_WARN_OBJC_IMPLICIT_RETAIN_SELF = YES;
				CLANG_WARN_OBJC_LITERAL_CONVERSION = YES;
				CLANG_WARN_OBJC_ROOT_CLASS = YES_ERROR;
				CLANG_WARN_RANGE_LOOP_ANALYSIS = YES;
				CLANG_WARN_STRICT_PROTOTYPES = YES;
				CLANG_WARN_SUSPICIOUS_MOVE = YES;
				CLANG_WARN_UNGUARDED_AVAILABILITY = YES_AGGRESSIVE;
				CLANG_WARN_UNREACHABLE_CODE = YES;
				CLANG_WARN__DUPLICATE_METHOD_MATCH = YES;
				CODE_SIGN_IDENTITY = "iPhone Developer";
				COPY_PHASE_STRIP = NO;
				DEBUG_INFORMATION_FORMAT = dwarf;
				ENABLE_STRICT_OBJC_MSGSEND = YES;
				ENABLE_TESTABILITY = YES;
				GCC_C_LANGUAGE_STANDARD = gnu11;
				GCC_DYNAMIC_NO_PIC = NO;
				GCC_NO_COMMON_BLOCKS = YES;
				GCC_OPTIMIZATION_LEVEL = 0;
				GCC_PREPROCESSOR_DEFINITIONS = (
					"DEBUG=1",
					"$(inherited)",
				);
				GCC_WARN_64_TO_32_BIT_CONVERSION = YES;
				GCC_WARN_ABOUT_RETURN_TYPE = YES_ERROR;
				GCC_WARN_UNDECLARED_SELECTOR = YES;
				GCC_WARN_UNINITIALIZED_AUTOS = YES_AGGRESSIVE;
				GCC_WARN_UNUSED_FUNCTION = YES;
				GCC_WARN_UNUSED_VARIABLE = YES;
				IPHONEOS_DEPLOYMENT_TARGET = 11.3;
				MTL_ENABLE_DEBUG_INFO = YES;
				ONLY_ACTIVE_ARCH = YES;
				SDKROOT = iphoneos;
				SWIFT_ACTIVE_COMPILATION_CONDITIONS = DEBUG;
				SWIFT_OPTIMIZATION_LEVEL = "-Onone";
			};
			name = Debug;
		};
		F4F54CFF20758BF8002C7756 /* Release */ = {
			isa = XCBuildConfiguration;
			buildSettings = {
				ALWAYS_SEARCH_USER_PATHS = NO;
				CLANG_ANALYZER_NONNULL = YES;
				CLANG_ANALYZER_NUMBER_OBJECT_CONVERSION = YES_AGGRESSIVE;
				CLANG_CXX_LANGUAGE_STANDARD = "gnu++14";
				CLANG_CXX_LIBRARY = "libc++";
				CLANG_ENABLE_MODULES = YES;
				CLANG_ENABLE_OBJC_ARC = YES;
				CLANG_ENABLE_OBJC_WEAK = YES;
				CLANG_WARN_BLOCK_CAPTURE_AUTORELEASING = YES;
				CLANG_WARN_BOOL_CONVERSION = YES;
				CLANG_WARN_COMMA = YES;
				CLANG_WARN_CONSTANT_CONVERSION = YES;
				CLANG_WARN_DEPRECATED_OBJC_IMPLEMENTATIONS = YES;
				CLANG_WARN_DIRECT_OBJC_ISA_USAGE = YES_ERROR;
				CLANG_WARN_DOCUMENTATION_COMMENTS = YES;
				CLANG_WARN_EMPTY_BODY = YES;
				CLANG_WARN_ENUM_CONVERSION = YES;
				CLANG_WARN_INFINITE_RECURSION = YES;
				CLANG_WARN_INT_CONVERSION = YES;
				CLANG_WARN_NON_LITERAL_NULL_CONVERSION = YES;
				CLANG_WARN_OBJC_IMPLICIT_RETAIN_SELF = YES;
				CLANG_WARN_OBJC_LITERAL_CONVERSION = YES;
				CLANG_WARN_OBJC_ROOT_CLASS = YES_ERROR;
				CLANG_WARN_RANGE_LOOP_ANALYSIS = YES;
				CLANG_WARN_STRICT_PROTOTYPES = YES;
				CLANG_WARN_SUSPICIOUS_MOVE = YES;
				CLANG_WARN_UNGUARDED_AVAILABILITY = YES_AGGRESSIVE;
				CLANG_WARN_UNREACHABLE_CODE = YES;
				CLANG_WARN__DUPLICATE_METHOD_MATCH = YES;
				CODE_SIGN_IDENTITY = "iPhone Developer";
				COPY_PHASE_STRIP = NO;
				DEBUG_INFORMATION_FORMAT = "dwarf-with-dsym";
				ENABLE_NS_ASSERTIONS = NO;
				ENABLE_STRICT_OBJC_MSGSEND = YES;
				GCC_C_LANGUAGE_STANDARD = gnu11;
				GCC_NO_COMMON_BLOCKS = YES;
				GCC_WARN_64_TO_32_BIT_CONVERSION = YES;
				GCC_WARN_ABOUT_RETURN_TYPE = YES_ERROR;
				GCC_WARN_UNDECLARED_SELECTOR = YES;
				GCC_WARN_UNINITIALIZED_AUTOS = YES_AGGRESSIVE;
				GCC_WARN_UNUSED_FUNCTION = YES;
				GCC_WARN_UNUSED_VARIABLE = YES;
				IPHONEOS_DEPLOYMENT_TARGET = 11.3;
				MTL_ENABLE_DEBUG_INFO = NO;
				SDKROOT = iphoneos;
				SWIFT_COMPILATION_MODE = wholemodule;
				SWIFT_OPTIMIZATION_LEVEL = "-O";
				VALIDATE_PRODUCT = YES;
			};
			name = Release;
		};
		F4F54D0120758BF8002C7756 /* Debug */ = {
			isa = XCBuildConfiguration;
			buildSettings = {
				ASSETCATALOG_COMPILER_APPICON_NAME = AppIcon;
				CODE_SIGN_IDENTITY = "iPhone Developer";
				CODE_SIGN_STYLE = Automatic;
				DEVELOPMENT_TEAM = 68G9P824M2;
				INFOPLIST_FILE = poker/Info.plist;
				LD_RUNPATH_SEARCH_PATHS = (
					"$(inherited)",
					"@executable_path/Frameworks",
				);
				PRODUCT_BUNDLE_IDENTIFIER = km.poker;
				PRODUCT_NAME = "$(TARGET_NAME)";
				PROVISIONING_PROFILE_SPECIFIER = "";
				SWIFT_VERSION = 4.0;
				TARGETED_DEVICE_FAMILY = "1,2";
			};
			name = Debug;
		};
		F4F54D0220758BF8002C7756 /* Release */ = {
			isa = XCBuildConfiguration;
			buildSettings = {
				ASSETCATALOG_COMPILER_APPICON_NAME = AppIcon;
				CODE_SIGN_IDENTITY = "iPhone Developer";
				CODE_SIGN_STYLE = Automatic;
				DEVELOPMENT_TEAM = 68G9P824M2;
				INFOPLIST_FILE = poker/Info.plist;
				LD_RUNPATH_SEARCH_PATHS = (
					"$(inherited)",
					"@executable_path/Frameworks",
				);
				PRODUCT_BUNDLE_IDENTIFIER = km.poker;
				PRODUCT_NAME = "$(TARGET_NAME)";
				PROVISIONING_PROFILE_SPECIFIER = "";
				SWIFT_VERSION = 4.0;
				TARGETED_DEVICE_FAMILY = "1,2";
			};
			name = Release;
		};
/* End XCBuildConfiguration section */

/* Begin XCConfigurationList section */
		F4F54CE920758BF7002C7756 /* Build configuration list for PBXProject "poker" */ = {
			isa = XCConfigurationList;
			buildConfigurations = (
				F4F54CFE20758BF8002C7756 /* Debug */,
				F4F54CFF20758BF8002C7756 /* Release */,
			);
			defaultConfigurationIsVisible = 0;
			defaultConfigurationName = Release;
		};
		F4F54D0020758BF8002C7756 /* Build configuration list for PBXNativeTarget "poker" */ = {
			isa = XCConfigurationList;
			buildConfigurations = (
				F4F54D0120758BF8002C7756 /* Debug */,
				F4F54D0220758BF8002C7756 /* Release */,
			);
			defaultConfigurationIsVisible = 0;
			defaultConfigurationName = Release;
		};
/* End XCConfigurationList section */
	};
	rootObject = F4F54CE620758BF7002C7756 /* Project object */;
}
